
Microsoft Visual Studio Solution File, Format Version 12.00
# Visual Studio Version 17
VisualStudioVersion = 17.2.32616.157
MinimumVisualStudioVersion = 10.0.40219.1
Project("{8BC9CEB8-8B4A-11D0-8D11-00A0C91BC942}") = "lesson7", "lesson7\lesson7.vcxproj", "{50AB8E6F-967B-452D-914F-7197BC536097}"
EndProject
Global
	GlobalSection(SolutionConfigurationPlatforms) = preSolution
		Debug|x64 = Debug|x64
		Debug|x86 = Debug|x86
		Release|x64 = Release|x64
		Release|x86 = Release|x86
	EndGlobalSection
	GlobalSection(ProjectConfigurationPlatforms) = postSolution
		{50AB8E6F-967B-452D-914F-7197BC536097}.Debug|x64.ActiveCfg = Debug|x64
		{50AB8E6F-967B-452D-914F-7197BC536097}.Debug|x64.Build.0 = Debug|x64
		{50AB8E6F-967B-452D-914F-7197BC536097}.Debug|x86.ActiveCfg = Debug|Win32
		{50AB8E6F-967B-452D-914F-7197BC536097}.Debug|x86.Build.0 = Debug|Win32
		{50AB8E6F-967B-452D-914F-7197BC536097}.Release|x64.ActiveCfg = Release|x64
		{50AB8E6F-967B-452D-914F-7197BC536097}.Release|x64.Build.0 = Release|x64
		{50AB8E6F-967B-452D-914F-7197BC536097}.Release|x86.ActiveCfg = Release|Win32
		{50AB8E6F-967B-452D-914F-7197BC536097}.Release|x86.Build.0 = Release|Win32
	EndGlobalSection
	GlobalSection(SolutionProperties) = preSolution
		HideSolutionNode = FALSE
	EndGlobalSection
	GlobalSection(ExtensibilityGlobals) = postSolution
		SolutionGuid = {D27BA584-536E-46A6-A0B3-BA898C060FDB}
	EndGlobalSection
EndGlobal
